
Microsoft Visual Studio Solution File, Format Version 12.00
# Visual Studio Version 16
VisualStudioVersion = 16.0.30011.22
MinimumVisualStudioVersion = 10.0.40219.1
Project("{9A19103F-16F7-4668-BE54-9A1E7A4F7556}") = "Geometry", "Geometry\Geometry.csproj", "{FF66F996-B2CD-4642-A118-3CE6075FEA3C}"
EndProject
Project("{9A19103F-16F7-4668-BE54-9A1E7A4F7556}") = "Meeting", "Meeting\Meeting.csproj", "{BED62DF7-C48B-4501-BC01-076E0D8DBEBD}"
EndProject
Project("{9A19103F-16F7-4668-BE54-9A1E7A4F7556}") = "DataSet", "DataSet\DataSet.csproj", "{39DE019A-7D31-4435-8318-485F281C1B7C}"
EndProject
Project("{9A19103F-16F7-4668-BE54-9A1E7A4F7556}") = "Rights", "Rights\Rights.csproj", "{E65A8499-214B-48C2-97B6-38385E832F0E}"
EndProject
Project("{9A19103F-16F7-4668-BE54-9A1E7A4F7556}") = "DateAndNumbersFormat", "DateAndNumbersFormat\DateAndNumbersFormat.csproj", "{AFA01CE8-6D47-4202-A377-5D92DE56FEB8}"
EndProject
Project("{9A19103F-16F7-4668-BE54-9A1E7A4F7556}") = "Logger", "Logger\Logger.csproj", "{52A38091-7720-470C-8F7D-2DF8C414CD3A}"
EndProject
Project("{9A19103F-16F7-4668-BE54-9A1E7A4F7556}") = "StringTest", "StringTest\StringTest.csproj", "{73A33E01-3188-48B2-839F-0FD00428B995}"
EndProject
Project("{9A19103F-16F7-4668-BE54-9A1E7A4F7556}") = "StringEqual", "StringEqual\StringEqual.csproj", "{872B8AFA-45D5-4D9C-84E7-F2E2FE200145}"
EndProject
Project("{9A19103F-16F7-4668-BE54-9A1E7A4F7556}") = "ComplexNumber", "ComplexNumber\ComplexNumber.csproj", "{6F679541-6B48-4200-B1F9-613918B46D65}"
EndProject
Project("{9A19103F-16F7-4668-BE54-9A1E7A4F7556}") = "LogMethod", "LogMethod\LogMethod.csproj", "{32A4A21C-2E82-47DF-92CA-DC522044A3ED}"
EndProject
Project("{9A19103F-16F7-4668-BE54-9A1E7A4F7556}") = "GZip", "GZip\GZip.csproj", "{27E1AA6E-3302-471F-ADD9-05A30766D3F1}"
EndProject
Project("{9A19103F-16F7-4668-BE54-9A1E7A4F7556}") = "Maximum", "Maximum\Maximum.csproj", "{CE9FAD91-5725-4319-8F3F-443721E8B757}"
EndProject
Project("{FAE04EC0-301F-11D3-BF4B-00C04F79EFBC}") = "Reflection", "Reflection\Reflection.csproj", "{F5CA0A8B-4F3D-4EBE-898E-C58AE26D501F}"
EndProject
Project("{FAE04EC0-301F-11D3-BF4B-00C04F79EFBC}") = "MyLib", "MyLib\MyLib.csproj", "{279E367C-DE4E-4F27-BFB4-713AD341D165}"
EndProject
Project("{FAE04EC0-301F-11D3-BF4B-00C04F79EFBC}") = "Task9", "Task9\Task9.csproj", "{4F92AE3C-524C-442E-9E24-D6C031AC7A34}"
EndProject
Project("{FAE04EC0-301F-11D3-BF4B-00C04F79EFBC}") = "ExcelMT", "ExcelMT\ExcelMT.csproj", "{708E3C8B-E924-454D-BCFA-9880B8B6ACDD}"
EndProject
Project("{9A19103F-16F7-4668-BE54-9A1E7A4F7556}") = "LogFilter", "LogFilter\LogFilter.csproj", "{0D9A111F-0EBB-455B-B471-17E5671E4925}"
EndProject
Project("{FAE04EC0-301F-11D3-BF4B-00C04F79EFBC}") = "LocalizedApp", "LocalizedApp\LocalizedApp.csproj", "{8059001F-5F0E-4D9F-B386-1FFACB319D14}"
EndProject
Global
	GlobalSection(SolutionConfigurationPlatforms) = preSolution
		Debug|Any CPU = Debug|Any CPU
		Release|Any CPU = Release|Any CPU
	EndGlobalSection
	GlobalSection(ProjectConfigurationPlatforms) = postSolution
		{FF66F996-B2CD-4642-A118-3CE6075FEA3C}.Debug|Any CPU.ActiveCfg = Debug|Any CPU
		{FF66F996-B2CD-4642-A118-3CE6075FEA3C}.Debug|Any CPU.Build.0 = Debug|Any CPU
		{FF66F996-B2CD-4642-A118-3CE6075FEA3C}.Release|Any CPU.ActiveCfg = Release|Any CPU
		{FF66F996-B2CD-4642-A118-3CE6075FEA3C}.Release|Any CPU.Build.0 = Release|Any CPU
		{BED62DF7-C48B-4501-BC01-076E0D8DBEBD}.Debug|Any CPU.ActiveCfg = Debug|Any CPU
		{BED62DF7-C48B-4501-BC01-076E0D8DBEBD}.Debug|Any CPU.Build.0 = Debug|Any CPU
		{BED62DF7-C48B-4501-BC01-076E0D8DBEBD}.Release|Any CPU.ActiveCfg = Release|Any CPU
		{BED62DF7-C48B-4501-BC01-076E0D8DBEBD}.Release|Any CPU.Build.0 = Release|Any CPU
		{39DE019A-7D31-4435-8318-485F281C1B7C}.Debug|Any CPU.ActiveCfg = Debug|Any CPU
		{39DE019A-7D31-4435-8318-485F281C1B7C}.Debug|Any CPU.Build.0 = Debug|Any CPU
		{39DE019A-7D31-4435-8318-485F281C1B7C}.Release|Any CPU.ActiveCfg = Release|Any CPU
		{39DE019A-7D31-4435-8318-485F281C1B7C}.Release|Any CPU.Build.0 = Release|Any CPU
		{E65A8499-214B-48C2-97B6-38385E832F0E}.Debug|Any CPU.ActiveCfg = Debug|Any CPU
		{E65A8499-214B-48C2-97B6-38385E832F0E}.Debug|Any CPU.Build.0 = Debug|Any CPU
		{E65A8499-214B-48C2-97B6-38385E832F0E}.Release|Any CPU.ActiveCfg = Release|Any CPU
		{E65A8499-214B-48C2-97B6-38385E832F0E}.Release|Any CPU.Build.0 = Release|Any CPU
		{AFA01CE8-6D47-4202-A377-5D92DE56FEB8}.Debug|Any CPU.ActiveCfg = Debug|Any CPU
		{AFA01CE8-6D47-4202-A377-5D92DE56FEB8}.Debug|Any CPU.Build.0 = Debug|Any CPU
		{AFA01CE8-6D47-4202-A377-5D92DE56FEB8}.Release|Any CPU.ActiveCfg = Release|Any CPU
		{AFA01CE8-6D47-4202-A377-5D92DE56FEB8}.Release|Any CPU.Build.0 = Release|Any CPU
		{52A38091-7720-470C-8F7D-2DF8C414CD3A}.Debug|Any CPU.ActiveCfg = Debug|Any CPU
		{52A38091-7720-470C-8F7D-2DF8C414CD3A}.Debug|Any CPU.Build.0 = Debug|Any CPU
		{52A38091-7720-470C-8F7D-2DF8C414CD3A}.Release|Any CPU.ActiveCfg = Release|Any CPU
		{52A38091-7720-470C-8F7D-2DF8C414CD3A}.Release|Any CPU.Build.0 = Release|Any CPU
		{73A33E01-3188-48B2-839F-0FD00428B995}.Debug|Any CPU.ActiveCfg = Debug|Any CPU
		{73A33E01-3188-48B2-839F-0FD00428B995}.Debug|Any CPU.Build.0 = Debug|Any CPU
		{73A33E01-3188-48B2-839F-0FD00428B995}.Release|Any CPU.ActiveCfg = Release|Any CPU
		{73A33E01-3188-48B2-839F-0FD00428B995}.Release|Any CPU.Build.0 = Release|Any CPU
		{872B8AFA-45D5-4D9C-84E7-F2E2FE200145}.Debug|Any CPU.ActiveCfg = Debug|Any CPU
		{872B8AFA-45D5-4D9C-84E7-F2E2FE200145}.Debug|Any CPU.Build.0 = Debug|Any CPU
		{872B8AFA-45D5-4D9C-84E7-F2E2FE200145}.Release|Any CPU.ActiveCfg = Release|Any CPU
		{872B8AFA-45D5-4D9C-84E7-F2E2FE200145}.Release|Any CPU.Build.0 = Release|Any CPU
		{6F679541-6B48-4200-B1F9-613918B46D65}.Debug|Any CPU.ActiveCfg = Debug|Any CPU
		{6F679541-6B48-4200-B1F9-613918B46D65}.Debug|Any CPU.Build.0 = Debug|Any CPU
		{6F679541-6B48-4200-B1F9-613918B46D65}.Release|Any CPU.ActiveCfg = Release|Any CPU
		{6F679541-6B48-4200-B1F9-613918B46D65}.Release|Any CPU.Build.0 = Release|Any CPU
		{32A4A21C-2E82-47DF-92CA-DC522044A3ED}.Debug|Any CPU.ActiveCfg = Debug|Any CPU
		{32A4A21C-2E82-47DF-92CA-DC522044A3ED}.Debug|Any CPU.Build.0 = Debug|Any CPU
		{32A4A21C-2E82-47DF-92CA-DC522044A3ED}.Release|Any CPU.ActiveCfg = Release|Any CPU
		{32A4A21C-2E82-47DF-92CA-DC522044A3ED}.Release|Any CPU.Build.0 = Release|Any CPU
		{27E1AA6E-3302-471F-ADD9-05A30766D3F1}.Debug|Any CPU.ActiveCfg = Debug|Any CPU
		{27E1AA6E-3302-471F-ADD9-05A30766D3F1}.Debug|Any CPU.Build.0 = Debug|Any CPU
		{27E1AA6E-3302-471F-ADD9-05A30766D3F1}.Release|Any CPU.ActiveCfg = Release|Any CPU
		{27E1AA6E-3302-471F-ADD9-05A30766D3F1}.Release|Any CPU.Build.0 = Release|Any CPU
		{CE9FAD91-5725-4319-8F3F-443721E8B757}.Debug|Any CPU.ActiveCfg = Debug|Any CPU
		{CE9FAD91-5725-4319-8F3F-443721E8B757}.Debug|Any CPU.Build.0 = Debug|Any CPU
		{CE9FAD91-5725-4319-8F3F-443721E8B757}.Release|Any CPU.ActiveCfg = Release|Any CPU
		{CE9FAD91-5725-4319-8F3F-443721E8B757}.Release|Any CPU.Build.0 = Release|Any CPU
		{F5CA0A8B-4F3D-4EBE-898E-C58AE26D501F}.Debug|Any CPU.ActiveCfg = Debug|Any CPU
		{F5CA0A8B-4F3D-4EBE-898E-C58AE26D501F}.Debug|Any CPU.Build.0 = Debug|Any CPU
		{F5CA0A8B-4F3D-4EBE-898E-C58AE26D501F}.Release|Any CPU.ActiveCfg = Release|Any CPU
		{F5CA0A8B-4F3D-4EBE-898E-C58AE26D501F}.Release|Any CPU.Build.0 = Release|Any CPU
		{279E367C-DE4E-4F27-BFB4-713AD341D165}.Debug|Any CPU.ActiveCfg = Debug|Any CPU
		{279E367C-DE4E-4F27-BFB4-713AD341D165}.Debug|Any CPU.Build.0 = Debug|Any CPU
		{279E367C-DE4E-4F27-BFB4-713AD341D165}.Release|Any CPU.ActiveCfg = Release|Any CPU
		{279E367C-DE4E-4F27-BFB4-713AD341D165}.Release|Any CPU.Build.0 = Release|Any CPU
		{4F92AE3C-524C-442E-9E24-D6C031AC7A34}.Debug|Any CPU.ActiveCfg = Debug|Any CPU
		{4F92AE3C-524C-442E-9E24-D6C031AC7A34}.Debug|Any CPU.Build.0 = Debug|Any CPU
		{4F92AE3C-524C-442E-9E24-D6C031AC7A34}.Release|Any CPU.ActiveCfg = Release|Any CPU
		{4F92AE3C-524C-442E-9E24-D6C031AC7A34}.Release|Any CPU.Build.0 = Release|Any CPU
		{708E3C8B-E924-454D-BCFA-9880B8B6ACDD}.Debug|Any CPU.ActiveCfg = Debug|Any CPU
		{708E3C8B-E924-454D-BCFA-9880B8B6ACDD}.Debug|Any CPU.Build.0 = Debug|Any CPU
		{708E3C8B-E924-454D-BCFA-9880B8B6ACDD}.Release|Any CPU.ActiveCfg = Release|Any CPU
		{708E3C8B-E924-454D-BCFA-9880B8B6ACDD}.Release|Any CPU.Build.0 = Release|Any CPU
		{0D9A111F-0EBB-455B-B471-17E5671E4925}.Debug|Any CPU.ActiveCfg = Debug|Any CPU
		{0D9A111F-0EBB-455B-B471-17E5671E4925}.Debug|Any CPU.Build.0 = Debug|Any CPU
		{0D9A111F-0EBB-455B-B471-17E5671E4925}.Release|Any CPU.ActiveCfg = Release|Any CPU
		{0D9A111F-0EBB-455B-B471-17E5671E4925}.Release|Any CPU.Build.0 = Release|Any CPU
		{8059001F-5F0E-4D9F-B386-1FFACB319D14}.Debug|Any CPU.ActiveCfg = Debug|Any CPU
		{8059001F-5F0E-4D9F-B386-1FFACB319D14}.Debug|Any CPU.Build.0 = Debug|Any CPU
		{8059001F-5F0E-4D9F-B386-1FFACB319D14}.Release|Any CPU.ActiveCfg = Release|Any CPU
		{8059001F-5F0E-4D9F-B386-1FFACB319D14}.Release|Any CPU.Build.0 = Release|Any CPU
	EndGlobalSection
	GlobalSection(SolutionProperties) = preSolution
		HideSolutionNode = FALSE
	EndGlobalSection
	GlobalSection(ExtensibilityGlobals) = postSolution
		SolutionGuid = {B899DA31-C404-4B5D-9B0A-B32CD6BD4E83}
	EndGlobalSection
EndGlobal
